
Microsoft Visual Studio Solution File, Format Version 12.00
# Visual Studio 2013
VisualStudioVersion = 12.0.21005.1
MinimumVisualStudioVersion = 10.0.40219.1
Project("{F184B08F-C81C-45F6-A57F-5ABD9991F28F}") = "Feriados Moveis Brasileiros", "Feriados Moveis Brasileiros\Feriados Moveis Brasileiros.vbproj", "{828FED3E-E185-4938-A66F-E0D58702B517}"
EndProject
Global
	GlobalSection(SolutionConfigurationPlatforms) = preSolution
		Debug|Any CPU = Debug|Any CPU
		Release|Any CPU = Release|Any CPU
	EndGlobalSection
	GlobalSection(ProjectConfigurationPlatforms) = postSolution
		{828FED3E-E185-4938-A66F-E0D58702B517}.Debug|Any CPU.ActiveCfg = Debug|Any CPU
		{828FED3E-E185-4938-A66F-E0D58702B517}.Debug|Any CPU.Build.0 = Debug|Any CPU
		{828FED3E-E185-4938-A66F-E0D58702B517}.Release|Any CPU.ActiveCfg = Release|Any CPU
		{828FED3E-E185-4938-A66F-E0D58702B517}.Release|Any CPU.Build.0 = Release|Any CPU
	EndGlobalSection
	GlobalSection(SolutionProperties) = preSolution
		HideSolutionNode = FALSE
	EndGlobalSection
EndGlobal
